lockfileVersion: '9.0'

settings:
  autoInstallPeers: true
  excludeLinksFromLockfile: false

importers:

  .:
    dependencies:
      csv-parser:
        specifier: ^3.0.0
        version: 3.0.0
    devDependencies:
      '@types/node':
        specifier: ^22.1.0
        version: 22.1.0
      typescript:
        specifier: ^5.5.4
        version: 5.5.4

packages:

  '@types/node@22.1.0':
    resolution: {integrity: sha512-AOmuRF0R2/5j1knA3c6G3HOk523Ga+l+ZXltX8SF1+5oqcXijjfTd8fY3XRZqSihEu9XhtQnKYLmkFaoxgsJHw==}

  csv-parser@3.0.0:
    resolution: {integrity: sha512-s6OYSXAK3IdKqYO33y09jhypG/bSDHPuyCme/IdEHfWpLf/jKcpitVFyOC6UemgGk8v7Q5u2XE0vvwmanxhGlQ==}
    engines: {node: '>= 10'}
    hasBin: true

  minimist@1.2.8:
    resolution: {integrity: sha512-2yyAR8qBkN3YuheJanUpWC5U3bb5osDywNB8RzDVlDwDHbocAJveqqj1u8+SVD7jkWT4yvsHCpWqqWqAxb0zCA==}

  typescript@5.5.4:
    resolution: {integrity: sha512-Mtq29sKDAEYP7aljRgtPOpTvOfbwRWlS6dPRzwjdE+C0R4brX/GUyhHSecbHMFLNBLcJIPt9nl9yG5TZ1weH+Q==}
    engines: {node: '>=14.17'}
    hasBin: true

  undici-types@6.13.0:
    resolution: {integrity: sha512-xtFJHudx8S2DSoujjMd1WeWvn7KKWFRESZTMeL1RptAYERu29D6jphMjjY+vn96jvN3kVPDNxU/E13VTaXj6jg==}

snapshots:

  '@types/node@22.1.0':
    dependencies:
      undici-types: 6.13.0

  csv-parser@3.0.0:
    dependencies:
      minimist: 1.2.8

  minimist@1.2.8: {}

  typescript@5.5.4: {}

  undici-types@6.13.0: {}
